
Microsoft Visual Studio Solution File, Format Version 12.00
# Visual Studio 15
VisualStudioVersion = 15.0.27130.2010
MinimumVisualStudioVersion = 10.0.40219.1
Project("{FAE04EC0-301F-11D3-BF4B-00C04F79EFBC}") = "Shuttle.Core.Container.Tests", "Shuttle.Core.Container.Tests\Shuttle.Core.Container.Tests.csproj", "{09B4A875-49E5-4ED0-B7ED-DBC9A2401C79}"
EndProject
Global
	GlobalSection(SolutionConfigurationPlatforms) = preSolution
		Debug|Any CPU = Debug|Any CPU
		Release|Any CPU = Release|Any CPU
	EndGlobalSection
	GlobalSection(ProjectConfigurationPlatforms) = postSolution
		{09B4A875-49E5-4ED0-B7ED-DBC9A2401C79}.Debug|Any CPU.ActiveCfg = Debug|Any CPU
		{09B4A875-49E5-4ED0-B7ED-DBC9A2401C79}.Debug|Any CPU.Build.0 = Debug|Any CPU
		{09B4A875-49E5-4ED0-B7ED-DBC9A2401C79}.Release|Any CPU.ActiveCfg = Release|Any CPU
		{09B4A875-49E5-4ED0-B7ED-DBC9A2401C79}.Release|Any CPU.Build.0 = Release|Any CPU
	EndGlobalSection
	GlobalSection(SolutionProperties) = preSolution
		HideSolutionNode = FALSE
	EndGlobalSection
	GlobalSection(ExtensibilityGlobals) = postSolution
		SolutionGuid = {91E76A58-9363-431A-81EF-A09DE53A251F}
	EndGlobalSection
EndGlobal
